# This file is automatically @generated by Poetry 1.8.3 and should not be changed by hand.

[[package]]
name = "casadi"
version = "3.6.5"
description = "CasADi -- framework for algorithmic differentiation and numeric optimization"
optional = false
python-versions = "*"
files = [
    {file = "casadi-3.6.5-cp27-none-macosx_10_13_x86_64.macosx_10_13_intel.whl", hash = "sha256:6039081fdd1daf4ef7fa2b52814a954d75bfc03eb0dc62414e02af5d25746e8f"},
    {file = "casadi-3.6.5-cp27-none-manylinux1_i686.whl", hash = "sha256:b5192dfabf6f5266b168b984d124dd3086c1c5a408c0743ff3a82290a8ccf3b5"},
    {file = "casadi-3.6.5-cp27-none-manylinux2010_x86_64.whl", hash = "sha256:35b2ff6098e386a4d5e8bc681744e52bcd2f2f15cfa44c09814a8979b51a6794"},
    {file = "casadi-3.6.5-cp27-none-win_amd64.whl", hash = "sha256:caf395d1e36bfb215b154e8df61583d534a07ddabb18cbe50f259b7692a41ac8"},
    {file = "casadi-3.6.5-cp310-none-macosx_10_13_x86_64.macosx_10_13_intel.whl", hash = "sha256:314886ef44bd01f1a98579e7784a3bed6e0584e88f9465cf9596af2523efb0dd"},
    {file = "casadi-3.6.5-cp310-none-macosx_11_0_arm64.whl", hash = "sha256:c6789c8060a99b329bb584d97c1eab6a5e4f3e2d2db391e6c2001c6323774990"},
    {file = "casadi-3.6.5-cp310-none-manylinux2014_aarch64.whl", hash = "sha256:e40afb3c062817dd6ce2497cd001f00f107ee1ea41ec4d6ee9f9a5056d219e83"},
    {file = "casadi-3.6.5-cp310-none-manylinux2014_i686.whl", hash = "sha256:ee5a4ed50d2becd0bd6d203c7a60ffad27c14a3e0ae357480de11c846a8dd928"},
    {file = "casadi-3.6.5-cp310-none-manylinux2014_x86_64.whl", hash = "sha256:1ddb6e4afdd1da95d7d9d652ed973c1b7f50ef1454965a9170b657e223a2c73e"},
    {file = "casadi-3.6.5-cp310-none-win_amd64.whl", hash = "sha256:e96ca81b00b9621007d45db1254fcf232d518ebcc802f42853f57b4df977c567"},
    {file = "casadi-3.6.5-cp311-none-macosx_10_13_x86_64.macosx_10_13_intel.whl", hash = "sha256:bebd3909db24ba711e094aacc0a2329b9903d422d73f61be851873731244b7d1"},
    {file = "casadi-3.6.5-cp311-none-macosx_11_0_arm64.whl", hash = "sha256:ccb962ea02b7d6d245d5cd40fb52c29e812040a45273c6eed32cb8fcff673dda"},
    {file = "casadi-3.6.5-cp311-none-manylinux2014_aarch64.whl", hash = "sha256:1ce199a4ea1d376edbe5399cd622a4564040c83f50c50114fe50a69a8ea81d92"},
    {file = "casadi-3.6.5-cp311-none-manylinux2014_i686.whl", hash = "sha256:d12b67d467a5b2b0a909378ef7231fbc9af0da923baa13b1d5464d8471601ac3"},
    {file = "casadi-3.6.5-cp311-none-manylinux2014_x86_64.whl", hash = "sha256:3a3fb8af868f83d4a4f26d878c49f4acc4ed7ee92e731c73e650e5893418a634"},
    {file = "casadi-3.6.5-cp311-none-win_amd64.whl", hash = "sha256:3bdd645151beda013af5fd019fb554756e7dac37541b9f120cdfba90405b2671"},
    {file = "casadi-3.6.5-cp312-none-macosx_10_13_x86_64.macosx_10_13_intel.whl", hash = "sha256:33afd1a4da0c86b4316953fe541635a8a7dc51703282e24a870ada13a46adb53"},
    {file = "casadi-3.6.5-cp312-none-macosx_11_0_arm64.whl", hash = "sha256:0d6ee0558b4ecdd8aa4aa70fd31528b135801f1086c28a9cb78d8e8242b7aedd"},
    {file = "casadi-3.6.5-cp312-none-manylinux2014_i686.whl", hash = "sha256:be40e9897d80fb72a97e750b2143c32f63f8800cfb78f9b396d8ce7a913fca39"},
    {file = "casadi-3.6.5-cp312-none-manylinux2014_x86_64.whl", hash = "sha256:0118637823e292a9270133e02c9c6d3f3c7f75e8c91a6f6dc5275ade82dd1d9d"},
    {file = "casadi-3.6.5-cp312-none-win_amd64.whl", hash = "sha256:fe2b64d777e36cc3f101220dd1e219a0e11c3e4ee2b5e708b30fea9a27107e41"},
    {file = "casadi-3.6.5-cp35-none-macosx_10_13_x86_64.macosx_10_13_intel.whl", hash = "sha256:a1ae36449adec534125d4af5be912b6fb9dafe74d1fee39f6c82263695e21ca5"},
    {file = "casadi-3.6.5-cp35-none-manylinux1_i686.whl", hash = "sha256:32644c47fbfb643d5cf9769c7bbc94c6bdb9a40ea9c12c54af5e2754599c3186"},
    {file = "casadi-3.6.5-cp35-none-manylinux2010_x86_64.whl", hash = "sha256:601b76b7afcb27b11563999f6ad1d9d2a2510ab3d00a6f4ce86a0bee97c9d17a"},
    {file = "casadi-3.6.5-cp35-none-win_amd64.whl", hash = "sha256:febc645bcc0aed6d7a2bdb6e58b9a89cb8f74b19bc028c41cc807d75a5d54058"},
    {file = "casadi-3.6.5-cp36-none-macosx_10_13_x86_64.macosx_10_13_intel.whl", hash = "sha256:c98e68023c9e5905d9d6b99ae1fbbfe4b85ba9846b3685408bb498b20509f99a"},
    {file = "casadi-3.6.5-cp36-none-manylinux2014_aarch64.whl", hash = "sha256:eb311088dca5359acc05aa4d8895bf99afaa16c7c04b27bf640ce4c2361b8cde"},
    {file = "casadi-3.6.5-cp36-none-manylinux2014_i686.whl", hash = "sha256:bceb69bf9f04fded8a564eb64e298d19e945eaf4734f7145a5ee61cf9ac693e7"},
    {file = "casadi-3.6.5-cp36-none-manylinux2014_x86_64.whl", hash = "sha256:c951031e26d987986dbc334492b2e6ef108077f11c00e178ff4007e4a9bf91d8"},
    {file = "casadi-3.6.5-cp36-none-win_amd64.whl", hash = "sha256:e44af450ce944649932f9ef63ff00d2d21f642b506444418b4b20e69dba3adaf"},
    {file = "casadi-3.6.5-cp37-none-macosx_10_13_x86_64.macosx_10_13_intel.whl", hash = "sha256:c661fe88a93b7cc7ea42802aac76a674135cd65e3e564a6f08570dd3bea05201"},
    {file = "casadi-3.6.5-cp37-none-manylinux2014_aarch64.whl", hash = "sha256:5266fc82e39352e26cb1a4e0a5c3deb32d09e6333be637bd78c273fa50f9012b"},
    {file = "casadi-3.6.5-cp37-none-manylinux2014_i686.whl", hash = "sha256:02d6fb63c460abd99a450e861034d97568a8aec621fc0a4fed22f7494989c682"},
    {file = "casadi-3.6.5-cp37-none-manylinux2014_x86_64.whl", hash = "sha256:5e8adffe2015cde370fc545b2d0fe731e96e583e4ea4c5f3044e818fea975cfc"},
    {file = "casadi-3.6.5-cp37-none-win_amd64.whl", hash = "sha256:7ea8545579872b6f5412985dafec26b906b67bd4639a6c718b7e07f802af4e42"},
    {file = "casadi-3.6.5-cp38-none-macosx_10_13_x86_64.macosx_10_13_intel.whl", hash = "sha256:0a38bf808bf51368607c64307dd77a7363fbe8e5c910cd5c605546be60edfaff"},
    {file = "casadi-3.6.5-cp38-none-macosx_11_0_arm64.whl", hash = "sha256:f62f779481b30e5ea88392bdb8225e9545a21c4460dc3e96c2b782405b938d04"},
    {file = "casadi-3.6.5-cp38-none-manylinux2014_aarch64.whl", hash = "sha256:deb2cb2bee8aba0c2cad03c832965b51ca305d0f8eb15de8b857ba86a76f0db0"},
    {file = "casadi-3.6.5-cp38-none-manylinux2014_i686.whl", hash = "sha256:f6e10b66d6ae8216dab01532f7ad75cc9d66a95125d421b33d078a51ea0fc2a0"},
    {file = "casadi-3.6.5-cp38-none-manylinux2014_x86_64.whl", hash = "sha256:f9e82658c910e3317535d769334260e0a24d97bbce68cadb72f592e9fcbafd61"},
    {file = "casadi-3.6.5-cp38-none-win_amd64.whl", hash = "sha256:092e448e05feaed8958d684e896d909e756d199b84d3b9d0182da38cd3deebf6"},
    {file = "casadi-3.6.5-cp39-none-macosx_10_13_x86_64.macosx_10_13_intel.whl", hash = "sha256:f9c1de9a798767c00f89c27677b74059df4c9601d69270967b06d7fcff204b4d"},
    {file = "casadi-3.6.5-cp39-none-macosx_11_0_arm64.whl", hash = "sha256:83e3404de4449cb7382e49d811eec79cd370e64b97b5c94b155c604d7c523a40"},
    {file = "casadi-3.6.5-cp39-none-manylinux2014_aarch64.whl", hash = "sha256:af95de5aa5942d627d43312834791623384c2ad6ba87928bf0e3cacc8a6698e8"},
    {file = "casadi-3.6.5-cp39-none-manylinux2014_i686.whl", hash = "sha256:dbeb50726603454a1f85323cba7caf72524cd43ca0aeb1f286d07005a967ece9"},
    {file = "casadi-3.6.5-cp39-none-manylinux2014_x86_64.whl", hash = "sha256:8bbfb2eb8cb6b9e2384814d6427e48bcf6df049bf7ed05b0a58bb311a1fbf18c"},
    {file = "casadi-3.6.5-cp39-none-win_amd64.whl", hash = "sha256:0e4a4ec2e26ebeb22b0c129f2db3cf90f730cf9fbe98adb9a12720ff6ca1834a"},
    {file = "casadi-3.6.5.tar.gz", hash = "sha256:409a5f6725eadea40fddfb8ba2321139b5252edac8bc115a72f68e648631d56a"},
]

[package.dependencies]
numpy = "*"

[[package]]
name = "numpy"
version = "2.0.0"
description = "Fundamental package for array computing in Python"
optional = false
python-versions = ">=3.9"
files = [
    {file = "numpy-2.0.0-cp310-cp310-macosx_10_9_x86_64.whl", hash = "sha256:04494f6ec467ccb5369d1808570ae55f6ed9b5809d7f035059000a37b8d7e86f"},
    {file = "numpy-2.0.0-cp310-cp310-macosx_11_0_arm64.whl", hash = "sha256:2635dbd200c2d6faf2ef9a0d04f0ecc6b13b3cad54f7c67c61155138835515d2"},
    {file = "numpy-2.0.0-cp310-cp310-macosx_14_0_arm64.whl", hash = "sha256:0a43f0974d501842866cc83471bdb0116ba0dffdbaac33ec05e6afed5b615238"},
    {file = "numpy-2.0.0-cp310-cp310-macosx_14_0_x86_64.whl", hash = "sha256:8d83bb187fb647643bd56e1ae43f273c7f4dbcdf94550d7938cfc32566756514"},
    {file = "numpy-2.0.0-cp310-cp310-manylinux_2_17_aarch64.manylinux2014_aarch64.whl", hash = "sha256:79e843d186c8fb1b102bef3e2bc35ef81160ffef3194646a7fdd6a73c6b97196"},
    {file = "numpy-2.0.0-cp310-cp310-manylinux_2_17_x86_64.manylinux2014_x86_64.whl", hash = "sha256:6d7696c615765091cc5093f76fd1fa069870304beaccfd58b5dcc69e55ef49c1"},
    {file = "numpy-2.0.0-cp310-cp310-musllinux_1_1_x86_64.whl", hash = "sha256:b4c76e3d4c56f145d41b7b6751255feefae92edbc9a61e1758a98204200f30fc"},
    {file = "numpy-2.0.0-cp310-cp310-musllinux_1_2_aarch64.whl", hash = "sha256:acd3a644e4807e73b4e1867b769fbf1ce8c5d80e7caaef0d90dcdc640dfc9787"},
    {file = "numpy-2.0.0-cp310-cp310-win32.whl", hash = "sha256:cee6cc0584f71adefe2c908856ccc98702baf95ff80092e4ca46061538a2ba98"},
    {file = "numpy-2.0.0-cp310-cp310-win_amd64.whl", hash = "sha256:ed08d2703b5972ec736451b818c2eb9da80d66c3e84aed1deeb0c345fefe461b"},
    {file = "numpy-2.0.0-cp311-cp311-macosx_10_9_x86_64.whl", hash = "sha256:ad0c86f3455fbd0de6c31a3056eb822fc939f81b1618f10ff3406971893b62a5"},
    {file = "numpy-2.0.0-cp311-cp311-macosx_11_0_arm64.whl", hash = "sha256:e7f387600d424f91576af20518334df3d97bc76a300a755f9a8d6e4f5cadd289"},
    {file = "numpy-2.0.0-cp311-cp311-macosx_14_0_arm64.whl", hash = "sha256:34f003cb88b1ba38cb9a9a4a3161c1604973d7f9d5552c38bc2f04f829536609"},
    {file = "numpy-2.0.0-cp311-cp311-macosx_14_0_x86_64.whl", hash = "sha256:b6f6a8f45d0313db07d6d1d37bd0b112f887e1369758a5419c0370ba915b3871"},
    {file = "numpy-2.0.0-cp311-cp311-manylinux_2_17_aarch64.manylinux2014_aarch64.whl", hash = "sha256:5f64641b42b2429f56ee08b4f427a4d2daf916ec59686061de751a55aafa22e4"},
    {file = "numpy-2.0.0-cp311-cp311-manylinux_2_17_x86_64.manylinux2014_x86_64.whl", hash = "sha256:a7039a136017eaa92c1848152827e1424701532ca8e8967fe480fe1569dae581"},
    {file = "numpy-2.0.0-cp311-cp311-musllinux_1_1_x86_64.whl", hash = "sha256:46e161722e0f619749d1cd892167039015b2c2817296104487cd03ed4a955995"},
    {file = "numpy-2.0.0-cp311-cp311-musllinux_1_2_aarch64.whl", hash = "sha256:0e50842b2295ba8414c8c1d9d957083d5dfe9e16828b37de883f51fc53c4016f"},
    {file = "numpy-2.0.0-cp311-cp311-win32.whl", hash = "sha256:2ce46fd0b8a0c947ae047d222f7136fc4d55538741373107574271bc00e20e8f"},
    {file = "numpy-2.0.0-cp311-cp311-win_amd64.whl", hash = "sha256:fbd6acc766814ea6443628f4e6751d0da6593dae29c08c0b2606164db026970c"},
    {file = "numpy-2.0.0-cp312-cp312-macosx_10_9_x86_64.whl", hash = "sha256:354f373279768fa5a584bac997de6a6c9bc535c482592d7a813bb0c09be6c76f"},
    {file = "numpy-2.0.0-cp312-cp312-macosx_11_0_arm64.whl", hash = "sha256:4d2f62e55a4cd9c58c1d9a1c9edaedcd857a73cb6fda875bf79093f9d9086f85"},
    {file = "numpy-2.0.0-cp312-cp312-macosx_14_0_arm64.whl", hash = "sha256:1e72728e7501a450288fc8e1f9ebc73d90cfd4671ebbd631f3e7857c39bd16f2"},
    {file = "numpy-2.0.0-cp312-cp312-macosx_14_0_x86_64.whl", hash = "sha256:84554fc53daa8f6abf8e8a66e076aff6ece62de68523d9f665f32d2fc50fd66e"},
    {file = "numpy-2.0.0-cp312-cp312-manylinux_2_17_aarch64.manylinux2014_aarch64.whl", hash = "sha256:c73aafd1afca80afecb22718f8700b40ac7cab927b8abab3c3e337d70e10e5a2"},
    {file = "numpy-2.0.0-cp312-cp312-manylinux_2_17_x86_64.manylinux2014_x86_64.whl", hash = "sha256:49d9f7d256fbc804391a7f72d4a617302b1afac1112fac19b6c6cec63fe7fe8a"},
    {file = "numpy-2.0.0-cp312-cp312-musllinux_1_1_x86_64.whl", hash = "sha256:0ec84b9ba0654f3b962802edc91424331f423dcf5d5f926676e0150789cb3d95"},
    {file = "numpy-2.0.0-cp312-cp312-musllinux_1_2_aarch64.whl", hash = "sha256:feff59f27338135776f6d4e2ec7aeeac5d5f7a08a83e80869121ef8164b74af9"},
    {file = "numpy-2.0.0-cp312-cp312-win32.whl", hash = "sha256:c5a59996dc61835133b56a32ebe4ef3740ea5bc19b3983ac60cc32be5a665d54"},
    {file = "numpy-2.0.0-cp312-cp312-win_amd64.whl", hash = "sha256:a356364941fb0593bb899a1076b92dfa2029f6f5b8ba88a14fd0984aaf76d0df"},
    {file = "numpy-2.0.0-cp39-cp39-macosx_10_9_x86_64.whl", hash = "sha256:e61155fae27570692ad1d327e81c6cf27d535a5d7ef97648a17d922224b216de"},
    {file = "numpy-2.0.0-cp39-cp39-macosx_11_0_arm64.whl", hash = "sha256:4554eb96f0fd263041baf16cf0881b3f5dafae7a59b1049acb9540c4d57bc8cb"},
    {file = "numpy-2.0.0-cp39-cp39-macosx_14_0_arm64.whl", hash = "sha256:903703372d46bce88b6920a0cd86c3ad82dae2dbef157b5fc01b70ea1cfc430f"},
    {file = "numpy-2.0.0-cp39-cp39-macosx_14_0_x86_64.whl", hash = "sha256:3e8e01233d57639b2e30966c63d36fcea099d17c53bf424d77f088b0f4babd86"},
    {file = "numpy-2.0.0-cp39-cp39-manylinux_2_17_aarch64.manylinux2014_aarch64.whl", hash = "sha256:1cde1753efe513705a0c6d28f5884e22bdc30438bf0085c5c486cdaff40cd67a"},
    {file = "numpy-2.0.0-cp39-cp39-manylinux_2_17_x86_64.manylinux2014_x86_64.whl", hash = "sha256:821eedb7165ead9eebdb569986968b541f9908979c2da8a4967ecac4439bae3d"},
    {file = "numpy-2.0.0-cp39-cp39-musllinux_1_1_x86_64.whl", hash = "sha256:9a1712c015831da583b21c5bfe15e8684137097969c6d22e8316ba66b5baabe4"},
    {file = "numpy-2.0.0-cp39-cp39-musllinux_1_2_aarch64.whl", hash = "sha256:9c27f0946a3536403efb0e1c28def1ae6730a72cd0d5878db38824855e3afc44"},
    {file = "numpy-2.0.0-cp39-cp39-win32.whl", hash = "sha256:63b92c512d9dbcc37f9d81b123dec99fdb318ba38c8059afc78086fe73820275"},
    {file = "numpy-2.0.0-cp39-cp39-win_amd64.whl", hash = "sha256:3f6bed7f840d44c08ebdb73b1825282b801799e325bcbdfa6bc5c370e5aecc65"},
    {file = "numpy-2.0.0-pp39-pypy39_pp73-macosx_10_9_x86_64.whl", hash = "sha256:9416a5c2e92ace094e9f0082c5fd473502c91651fb896bc17690d6fc475128d6"},
    {file = "numpy-2.0.0-pp39-pypy39_pp73-macosx_14_0_x86_64.whl", hash = "sha256:17067d097ed036636fa79f6a869ac26df7db1ba22039d962422506640314933a"},
    {file = "numpy-2.0.0-pp39-pypy39_pp73-manylinux_2_17_x86_64.manylinux2014_x86_64.whl", hash = "sha256:38ecb5b0582cd125f67a629072fed6f83562d9dd04d7e03256c9829bdec027ad"},
    {file = "numpy-2.0.0-pp39-pypy39_pp73-win_amd64.whl", hash = "sha256:cef04d068f5fb0518a77857953193b6bb94809a806bd0a14983a8f12ada060c9"},
    {file = "numpy-2.0.0.tar.gz", hash = "sha256:cf5d1c9e6837f8af9f92b6bd3e86d513cdc11f60fd62185cc49ec7d1aba34864"},
]

[metadata]
lock-version = "2.0"
python-versions = "^3.11"
content-hash = "f371c41a9ca78011cd372884892cbaa8da6d5da321eb78fa39d3be5fa41f3cbd"
